
Microsoft Visual Studio Solution File, Format Version 12.00
Project("{FAE04EC0-301F-11D3-BF4B-00C04F79EFBC}") = "Scribe.UI", "Scribe.UI\Scribe.UI.csproj", "{B964FDB7-7886-48F7-9CB4-FF161BCEA45A}"
EndProject
Global
	GlobalSection(SolutionConfigurationPlatforms) = preSolution
		Debug|Any CPU = Debug|Any CPU
		Release|Any CPU = Release|Any CPU
	EndGlobalSection
	GlobalSection(ProjectConfigurationPlatforms) = postSolution
		{B964FDB7-7886-48F7-9CB4-FF161BCEA45A}.Debug|Any CPU.ActiveCfg = Debug|Any CPU
		{B964FDB7-7886-48F7-9CB4-FF161BCEA45A}.Debug|Any CPU.Build.0 = Debug|Any CPU
		{B964FDB7-7886-48F7-9CB4-FF161BCEA45A}.Release|Any CPU.ActiveCfg = Release|Any CPU
		{B964FDB7-7886-48F7-9CB4-FF161BCEA45A}.Release|Any CPU.Build.0 = Release|Any CPU
	EndGlobalSection
EndGlobal
